
Microsoft Visual Studio Solution File, Format Version 12.00
# Visual Studio Version 16
VisualStudioVersion = 16.0.33027.164
MinimumVisualStudioVersion = 10.0.40219.1
Project("{FAE04EC0-301F-11D3-BF4B-00C04F79EFBC}") = "Paint", "Paint\Paint.csproj", "{5EBEF062-9295-4BD4-8921-65DAAE119CBA}"
EndProject
Global
	GlobalSection(SolutionConfigurationPlatforms) = preSolution
		Debug|Any CPU = Debug|Any CPU
		Release|Any CPU = Release|Any CPU
	EndGlobalSection
	GlobalSection(ProjectConfigurationPlatforms) = postSolution
		{5EBEF062-9295-4BD4-8921-65DAAE119CBA}.Debug|Any CPU.ActiveCfg = Debug|Any CPU
		{5EBEF062-9295-4BD4-8921-65DAAE119CBA}.Debug|Any CPU.Build.0 = Debug|Any CPU
		{5EBEF062-9295-4BD4-8921-65DAAE119CBA}.Release|Any CPU.ActiveCfg = Release|Any CPU
		{5EBEF062-9295-4BD4-8921-65DAAE119CBA}.Release|Any CPU.Build.0 = Release|Any CPU
	EndGlobalSection
	GlobalSection(SolutionProperties) = preSolution
		HideSolutionNode = FALSE
	EndGlobalSection
	GlobalSection(ExtensibilityGlobals) = postSolution
		SolutionGuid = {5E6FAFB5-04C2-4159-9FAE-CF235432ADDC}
	EndGlobalSection
EndGlobal
